
Microsoft Visual Studio Solution File, Format Version 11.00
# Visual C# Express 2010
Project("{FAE04EC0-301F-11D3-BF4B-00C04F79EFBC}") = "Final Project", "Final Project\Final Project\Final Project.csproj", "{2BDDFDB1-53EE-43D8-8108-EDD3E882EF3E}"
EndProject
Project("{96E2B04D-8817-42C6-938A-82C39BA4D311}") = "Final ProjectContent", "Final Project\Final ProjectContent\Final ProjectContent.contentproj", "{7CE38F60-5D33-4DEF-9BC8-9CDCF89B8CD9}"
EndProject
Global
	GlobalSection(SolutionConfigurationPlatforms) = preSolution
		Debug|x86 = Debug|x86
		Release|x86 = Release|x86
	EndGlobalSection
	GlobalSection(ProjectConfigurationPlatforms) = postSolution
		{2BDDFDB1-53EE-43D8-8108-EDD3E882EF3E}.Debug|x86.ActiveCfg = Debug|x86
		{2BDDFDB1-53EE-43D8-8108-EDD3E882EF3E}.Debug|x86.Build.0 = Debug|x86
		{2BDDFDB1-53EE-43D8-8108-EDD3E882EF3E}.Release|x86.ActiveCfg = Release|x86
		{2BDDFDB1-53EE-43D8-8108-EDD3E882EF3E}.Release|x86.Build.0 = Release|x86
		{7CE38F60-5D33-4DEF-9BC8-9CDCF89B8CD9}.Debug|x86.ActiveCfg = Debug|x86
		{7CE38F60-5D33-4DEF-9BC8-9CDCF89B8CD9}.Release|x86.ActiveCfg = Release|x86
	EndGlobalSection
	GlobalSection(SolutionProperties) = preSolution
		HideSolutionNode = FALSE
	EndGlobalSection
EndGlobal
